
Microsoft Visual Studio Solution File, Format Version 12.00
# Visual Studio Version 16
VisualStudioVersion = 16.0.28803.452
MinimumVisualStudioVersion = 10.0.40219.1
Project("{FAE04EC0-301F-11D3-BF4B-00C04F79EFBC}") = "MySite", "MySite\MySite.csproj", "{9DAC92C6-B6D1-4079-89A7-A071AA677661}"
EndProject
Global
	GlobalSection(SolutionConfigurationPlatforms) = preSolution
		Debug|Any CPU = Debug|Any CPU
		Release|Any CPU = Release|Any CPU
	EndGlobalSection
	GlobalSection(ProjectConfigurationPlatforms) = postSolution
		{9DAC92C6-B6D1-4079-89A7-A071AA677661}.Debug|Any CPU.ActiveCfg = Debug|Any CPU
		{9DAC92C6-B6D1-4079-89A7-A071AA677661}.Debug|Any CPU.Build.0 = Debug|Any CPU
		{9DAC92C6-B6D1-4079-89A7-A071AA677661}.Release|Any CPU.ActiveCfg = Release|Any CPU
		{9DAC92C6-B6D1-4079-89A7-A071AA677661}.Release|Any CPU.Build.0 = Release|Any CPU
	EndGlobalSection
	GlobalSection(SolutionProperties) = preSolution
		HideSolutionNode = FALSE
	EndGlobalSection
	GlobalSection(ExtensibilityGlobals) = postSolution
		SolutionGuid = {DE23FC93-C01C-4C13-9028-6E68F3E85B6B}
	EndGlobalSection
EndGlobal
